
Microsoft Visual Studio Solution File, Format Version 12.00
# Visual Studio Version 17
VisualStudioVersion = 17.8.34408.163
MinimumVisualStudioVersion = 10.0.40219.1
Project("{FAE04EC0-301F-11D3-BF4B-00C04F79EFBC}") = "lab_2_task_2", "lab_2_task_2\lab_2_task_2.csproj", "{98E034CD-8CF5-405E-BB11-7AC7E0002A16}"
EndProject
Global
	GlobalSection(SolutionConfigurationPlatforms) = preSolution
		Debug|Any CPU = Debug|Any CPU
		Release|Any CPU = Release|Any CPU
	EndGlobalSection
	GlobalSection(ProjectConfigurationPlatforms) = postSolution
		{98E034CD-8CF5-405E-BB11-7AC7E0002A16}.Debug|Any CPU.ActiveCfg = Debug|Any CPU
		{98E034CD-8CF5-405E-BB11-7AC7E0002A16}.Debug|Any CPU.Build.0 = Debug|Any CPU
		{98E034CD-8CF5-405E-BB11-7AC7E0002A16}.Release|Any CPU.ActiveCfg = Release|Any CPU
		{98E034CD-8CF5-405E-BB11-7AC7E0002A16}.Release|Any CPU.Build.0 = Release|Any CPU
	EndGlobalSection
	GlobalSection(SolutionProperties) = preSolution
		HideSolutionNode = FALSE
	EndGlobalSection
	GlobalSection(ExtensibilityGlobals) = postSolution
		SolutionGuid = {C636B77F-18F8-4AB9-8309-27DD10F6430E}
	EndGlobalSection
EndGlobal
